
Microsoft Visual Studio Solution File, Format Version 12.00
# Visual Studio Version 17
VisualStudioVersion = 17.0.31903.59
MinimumVisualStudioVersion = 10.0.40219.1
Project("{2150E333-8FDC-42A3-9474-1A3956D46DE8}") = "src", "src", "{F20A8F1D-8055-492A-BBCF-B38C5E2D0A02}"
EndProject
Project("{2150E333-8FDC-42A3-9474-1A3956D46DE8}") = "tests", "tests", "{CD501271-56EB-4579-9F9D-A8F57106D3E9}"
EndProject
Project("{9A19103F-16F7-4668-BE54-9A1E7A4F7556}") = "Solutions.Lib", "src\Solutions.Lib\Solutions.Lib.csproj", "{CF829991-B721-4577-8B22-2B4E699DC293}"
EndProject
Project("{9A19103F-16F7-4668-BE54-9A1E7A4F7556}") = "Solutions.Tests", "tests\Solutions.Tests\Solutions.Tests.csproj", "{4FDE29CA-C540-46DB-895D-D1BB0AEB32E5}"
EndProject
Project("{2150E333-8FDC-42A3-9474-1A3956D46DE8}") = "Solution Items", "Solution Items", "{640D76A1-20A1-47C9-85BA-CE39E793A34E}"
	ProjectSection(SolutionItems) = preProject
		.gitignore = .gitignore
	EndProjectSection
EndProject
Project("{FAE04EC0-301F-11D3-BF4B-00C04F79EFBC}") = "Solutions.Benchmarks", "src\Solutions.Benchmarks\Solutions.Benchmarks.csproj", "{1022BF92-8910-4235-8D72-39CF7F456382}"
EndProject
Global
	GlobalSection(SolutionConfigurationPlatforms) = preSolution
		Debug|Any CPU = Debug|Any CPU
		Release|Any CPU = Release|Any CPU
	EndGlobalSection
	GlobalSection(ProjectConfigurationPlatforms) = postSolution
		{CF829991-B721-4577-8B22-2B4E699DC293}.Debug|Any CPU.ActiveCfg = Debug|Any CPU
		{CF829991-B721-4577-8B22-2B4E699DC293}.Debug|Any CPU.Build.0 = Debug|Any CPU
		{CF829991-B721-4577-8B22-2B4E699DC293}.Release|Any CPU.ActiveCfg = Release|Any CPU
		{CF829991-B721-4577-8B22-2B4E699DC293}.Release|Any CPU.Build.0 = Release|Any CPU
		{4FDE29CA-C540-46DB-895D-D1BB0AEB32E5}.Debug|Any CPU.ActiveCfg = Debug|Any CPU
		{4FDE29CA-C540-46DB-895D-D1BB0AEB32E5}.Debug|Any CPU.Build.0 = Debug|Any CPU
		{4FDE29CA-C540-46DB-895D-D1BB0AEB32E5}.Release|Any CPU.ActiveCfg = Release|Any CPU
		{4FDE29CA-C540-46DB-895D-D1BB0AEB32E5}.Release|Any CPU.Build.0 = Release|Any CPU
		{1022BF92-8910-4235-8D72-39CF7F456382}.Debug|Any CPU.ActiveCfg = Debug|Any CPU
		{1022BF92-8910-4235-8D72-39CF7F456382}.Debug|Any CPU.Build.0 = Debug|Any CPU
		{1022BF92-8910-4235-8D72-39CF7F456382}.Release|Any CPU.ActiveCfg = Release|Any CPU
		{1022BF92-8910-4235-8D72-39CF7F456382}.Release|Any CPU.Build.0 = Release|Any CPU
	EndGlobalSection
	GlobalSection(SolutionProperties) = preSolution
		HideSolutionNode = FALSE
	EndGlobalSection
	GlobalSection(NestedProjects) = preSolution
		{CF829991-B721-4577-8B22-2B4E699DC293} = {F20A8F1D-8055-492A-BBCF-B38C5E2D0A02}
		{4FDE29CA-C540-46DB-895D-D1BB0AEB32E5} = {CD501271-56EB-4579-9F9D-A8F57106D3E9}
		{1022BF92-8910-4235-8D72-39CF7F456382} = {CD501271-56EB-4579-9F9D-A8F57106D3E9}
	EndGlobalSection
	GlobalSection(ExtensibilityGlobals) = postSolution
		SolutionGuid = {5B55B689-1FF8-4E4C-9C22-5DB0FE48E1ED}
	EndGlobalSection
EndGlobal
